{
  "requires": true,
  "lockfileVersion": 1,
  "dependencies": {
    "vue": {
      "version": "2.6.11",
      "resolved": "https://registry.npmjs.org/vue/-/vue-2.6.11.tgz",
      "integrity": "sha512-VfPwgcGABbGAue9+sfrD4PuwFar7gPb1yl1UK1MwXoQPAw0BKSqWfoYCT/ThFrdEVWoI51dBuyCoiNU9bZDZxQ=="
    },
    "vue2-org-tree": {
      "version": "1.3.1",
      "resolved": "https://registry.npmjs.org/vue2-org-tree/-/vue2-org-tree-1.3.1.tgz",
      "integrity": "sha512-JPo0S2xg+6iCFuTNNExkHgpPp5DzjovUAGb0ttB17Djr9NADzfGcbNSZICx/PwPsIqRC9abE9UwtXGsqZhdxHQ==",
      "requires": {
        "vue": "^2.6.11"
      }
    }
  }
}
